
Microsoft Visual Studio Solution File, Format Version 12.00
# Visual Studio Version 17
VisualStudioVersion = 17.7.33913.275
MinimumVisualStudioVersion = 10.0.40219.1
Project("{FAE04EC0-301F-11D3-BF4B-00C04F79EFBC}") = "Delegate Exercises", "Delegate Exercises.csproj", "{14244250-6CCB-4EDD-97E8-C4989BD9DF5A}"
EndProject
Global
	GlobalSection(SolutionConfigurationPlatforms) = preSolution
		Debug|Any CPU = Debug|Any CPU
		Release|Any CPU = Release|Any CPU
	EndGlobalSection
	GlobalSection(ProjectConfigurationPlatforms) = postSolution
		{14244250-6CCB-4EDD-97E8-C4989BD9DF5A}.Debug|Any CPU.ActiveCfg = Debug|Any CPU
		{14244250-6CCB-4EDD-97E8-C4989BD9DF5A}.Debug|Any CPU.Build.0 = Debug|Any CPU
		{14244250-6CCB-4EDD-97E8-C4989BD9DF5A}.Release|Any CPU.ActiveCfg = Release|Any CPU
		{14244250-6CCB-4EDD-97E8-C4989BD9DF5A}.Release|Any CPU.Build.0 = Release|Any CPU
	EndGlobalSection
	GlobalSection(SolutionProperties) = preSolution
		HideSolutionNode = FALSE
	EndGlobalSection
	GlobalSection(ExtensibilityGlobals) = postSolution
		SolutionGuid = {E3239F93-45AF-4EA3-97C9-0C8468705983}
	EndGlobalSection
EndGlobal
